// !$*UTF8*$!
{
	archiveVersion = 1;
	classes = {
	};
	objectVersion = 50;
	objects = {

/* Begin PBXBuildFile section */
		FE0E81E021B3794800FAB227 /* cnrom.swift in Sources */ = {isa = PBXBuildFile; fileRef = FE0E81DF21B3794800FAB227 /* cnrom.swift */; };
		FE0E81E121B3794800FAB227 /* cnrom.swift in Sources */ = {isa = PBXBuildFile; fileRef = FE0E81DF21B3794800FAB227 /* cnrom.swift */; };
		FE0E81E221B3794800FAB227 /* cnrom.swift in Sources */ = {isa = PBXBuildFile; fileRef = FE0E81DF21B3794800FAB227 /* cnrom.swift */; };
		FE0E81E421B72C6400FAB227 /* Debugger.swift in Sources */ = {isa = PBXBuildFile; fileRef = FE0E81E321B72C6400FAB227 /* Debugger.swift */; };
		FE0E81E521B7354400FAB227 /* Debugger.swift in Sources */ = {isa = PBXBuildFile; fileRef = FE0E81E321B72C6400FAB227 /* Debugger.swift */; };
		FE0E81E621B7354400FAB227 /* Debugger.swift in Sources */ = {isa = PBXBuildFile; fileRef = FE0E81E321B72C6400FAB227 /* Debugger.swift */; };
		FE205D0121E7FAE900FFE577 /* nes-tests-roms.swift in Sources */ = {isa = PBXBuildFile; fileRef = FE205D0021E7FAE900FFE577 /* nes-tests-roms.swift */; };
		FE205D0321E800FB00FFE577 /* cpu-instructions-tests.nes in Resources */ = {isa = PBXBuildFile; fileRef = FE205D0221E800F400FFE577 /* cpu-instructions-tests.nes */; };
		FE205D0521E801CF00FFE577 /* cpu-instructions-misc-tests.nes in Resources */ = {isa = PBXBuildFile; fileRef = FE205D0421E801CF00FFE577 /* cpu-instructions-misc-tests.nes */; };
		FE3F925421859C1C0000B574 /* NesFile.swift in Sources */ = {isa = PBXBuildFile; fileRef = FEC79C8821842789006C3096 /* NesFile.swift */; };
		FE3F925521859C1D0000B574 /* NesFile.swift in Sources */ = {isa = PBXBuildFile; fileRef = FEC79C8821842789006C3096 /* NesFile.swift */; };
		FE3F925621859C260000B574 /* mmc1.swift in Sources */ = {isa = PBXBuildFile; fileRef = FEC79C8A218459A7006C3096 /* mmc1.swift */; };
		FE3F925721859C260000B574 /* mmc3.swift in Sources */ = {isa = PBXBuildFile; fileRef = FEC79C8C21845CF7006C3096 /* mmc3.swift */; };
		FE3F925821859C260000B574 /* mmc1.swift in Sources */ = {isa = PBXBuildFile; fileRef = FEC79C8A218459A7006C3096 /* mmc1.swift */; };
		FE3F925921859C260000B574 /* mmc3.swift in Sources */ = {isa = PBXBuildFile; fileRef = FEC79C8C21845CF7006C3096 /* mmc3.swift */; };
		FE53C80421821344002BD71F /* main.swift in Sources */ = {isa = PBXBuildFile; fileRef = FE53C80321821344002BD71F /* main.swift */; };
		FE53C808218224C5002BD71F /* MetalRenderer.swift in Sources */ = {isa = PBXBuildFile; fileRef = FE53C807218224C5002BD71F /* MetalRenderer.swift */; };
		FE53C80A218225C4002BD71F /* CVDisplayLinkLoop.swift in Sources */ = {isa = PBXBuildFile; fileRef = FE53C809218225C4002BD71F /* CVDisplayLinkLoop.swift */; };
		FE53C80F21823FB1002BD71F /* apu.swift in Sources */ = {isa = PBXBuildFile; fileRef = FE53C80E21823FB1002BD71F /* apu.swift */; };
		FE53C810218245F0002BD71F /* Shader.metal in Sources */ = {isa = PBXBuildFile; fileRef = FEA2742F218085510072530A /* Shader.metal */; };
		FE53C8122182474F002BD71F /* InputManager.swift in Sources */ = {isa = PBXBuildFile; fileRef = FE53C8112182474F002BD71F /* InputManager.swift */; };
		FE53C81421824964002BD71F /* controller.swift in Sources */ = {isa = PBXBuildFile; fileRef = FE53C81321824964002BD71F /* controller.swift */; };
		FE53C8162182BE49002BD71F /* ram.swift in Sources */ = {isa = PBXBuildFile; fileRef = FE53C8152182BE49002BD71F /* ram.swift */; };
		FE53C8182182C27E002BD71F /* mapper.swift in Sources */ = {isa = PBXBuildFile; fileRef = FE53C8172182C27E002BD71F /* mapper.swift */; };
		FE53C81B21834DBE002BD71F /* cartridge.swift in Sources */ = {isa = PBXBuildFile; fileRef = FE53C81A21834DBE002BD71F /* cartridge.swift */; };
		FE53C81D21834E08002BD71F /* bus.swift in Sources */ = {isa = PBXBuildFile; fileRef = FE53C81C21834E08002BD71F /* bus.swift */; };
		FE53C82221835789002BD71F /* addressing.swift in Sources */ = {isa = PBXBuildFile; fileRef = FE53C82121835789002BD71F /* addressing.swift */; };
		FE53C824218357A7002BD71F /* memory.swift in Sources */ = {isa = PBXBuildFile; fileRef = FE53C823218357A7002BD71F /* memory.swift */; };
		FE53C83C2183E5AF002BD71F /* InputResponder.swift in Sources */ = {isa = PBXBuildFile; fileRef = FE53C83B2183E5AF002BD71F /* InputResponder.swift */; };
		FE53C83D2183FAD3002BD71F /* cpu.swift in Sources */ = {isa = PBXBuildFile; fileRef = FEA2741A217C47B50072530A /* cpu.swift */; };
		FE53C83E2183FADC002BD71F /* addressing.swift in Sources */ = {isa = PBXBuildFile; fileRef = FE53C82121835789002BD71F /* addressing.swift */; };
		FE53C83F2183FADC002BD71F /* memory.swift in Sources */ = {isa = PBXBuildFile; fileRef = FE53C823218357A7002BD71F /* memory.swift */; };
		FE53C8402183FADC002BD71F /* addressing.swift in Sources */ = {isa = PBXBuildFile; fileRef = FE53C82121835789002BD71F /* addressing.swift */; };
		FE53C8412183FADC002BD71F /* memory.swift in Sources */ = {isa = PBXBuildFile; fileRef = FE53C823218357A7002BD71F /* memory.swift */; };
		FE53C8422183FAE1002BD71F /* mapper.swift in Sources */ = {isa = PBXBuildFile; fileRef = FE53C8172182C27E002BD71F /* mapper.swift */; };
		FE53C8432183FAE1002BD71F /* mapper.swift in Sources */ = {isa = PBXBuildFile; fileRef = FE53C8172182C27E002BD71F /* mapper.swift */; };
		FE53C8442183FAE4002BD71F /* nes.swift in Sources */ = {isa = PBXBuildFile; fileRef = FEA2742D218076150072530A /* nes.swift */; };
		FE53C8452183FAE4002BD71F /* ppu.swift in Sources */ = {isa = PBXBuildFile; fileRef = FEA27420217C91710072530A /* ppu.swift */; };
		FE53C8462183FAE4002BD71F /* apu.swift in Sources */ = {isa = PBXBuildFile; fileRef = FE53C80E21823FB1002BD71F /* apu.swift */; };
		FE53C8472183FAE4002BD71F /* ram.swift in Sources */ = {isa = PBXBuildFile; fileRef = FE53C8152182BE49002BD71F /* ram.swift */; };
		FE53C8482183FAE4002BD71F /* controller.swift in Sources */ = {isa = PBXBuildFile; fileRef = FE53C81321824964002BD71F /* controller.swift */; };
		FE53C8492183FAE4002BD71F /* cartridge.swift in Sources */ = {isa = PBXBuildFile; fileRef = FE53C81A21834DBE002BD71F /* cartridge.swift */; };
		FE53C84A2183FAE4002BD71F /* bus.swift in Sources */ = {isa = PBXBuildFile; fileRef = FE53C81C21834E08002BD71F /* bus.swift */; };
		FE53C84B2183FDC8002BD71F /* IntegerExtensions.swift in Sources */ = {isa = PBXBuildFile; fileRef = FEA2741C217C546E0072530A /* IntegerExtensions.swift */; };
		FE53C84C2183FDCE002BD71F /* Conductor.swift in Sources */ = {isa = PBXBuildFile; fileRef = FEA2743A2181FC860072530A /* Conductor.swift */; };
		FE53C84D2183FDCE002BD71F /* Renderer.swift in Sources */ = {isa = PBXBuildFile; fileRef = FEA2743C2181FCCA0072530A /* Renderer.swift */; };
		FE53C84E2183FDCE002BD71F /* LogicLoop.swift in Sources */ = {isa = PBXBuildFile; fileRef = FEA2743E2182014E0072530A /* LogicLoop.swift */; };
		FE53C84F2183FDCE002BD71F /* InputManager.swift in Sources */ = {isa = PBXBuildFile; fileRef = FE53C8112182474F002BD71F /* InputManager.swift */; };
		FE53C8592183FDF7002BD71F /* nes.swift in Sources */ = {isa = PBXBuildFile; fileRef = FEA2742D218076150072530A /* nes.swift */; };
		FE53C85A2183FDF7002BD71F /* ppu.swift in Sources */ = {isa = PBXBuildFile; fileRef = FEA27420217C91710072530A /* ppu.swift */; };
		FE53C85B2183FDF7002BD71F /* apu.swift in Sources */ = {isa = PBXBuildFile; fileRef = FE53C80E21823FB1002BD71F /* apu.swift */; };
		FE53C85C2183FDF7002BD71F /* ram.swift in Sources */ = {isa = PBXBuildFile; fileRef = FE53C8152182BE49002BD71F /* ram.swift */; };
		FE53C85D2183FDF7002BD71F /* controller.swift in Sources */ = {isa = PBXBuildFile; fileRef = FE53C81321824964002BD71F /* controller.swift */; };
		FE53C85E2183FDF7002BD71F /* cartridge.swift in Sources */ = {isa = PBXBuildFile; fileRef = FE53C81A21834DBE002BD71F /* cartridge.swift */; };
		FE53C85F2183FDF7002BD71F /* bus.swift in Sources */ = {isa = PBXBuildFile; fileRef = FE53C81C21834E08002BD71F /* bus.swift */; };
		FE53C8622183FE00002BD71F /* Conductor.swift in Sources */ = {isa = PBXBuildFile; fileRef = FEA2743A2181FC860072530A /* Conductor.swift */; };
		FE53C8632183FE00002BD71F /* Renderer.swift in Sources */ = {isa = PBXBuildFile; fileRef = FEA2743C2181FCCA0072530A /* Renderer.swift */; };
		FE53C8642183FE00002BD71F /* LogicLoop.swift in Sources */ = {isa = PBXBuildFile; fileRef = FEA2743E2182014E0072530A /* LogicLoop.swift */; };
		FE53C8652183FE00002BD71F /* InputManager.swift in Sources */ = {isa = PBXBuildFile; fileRef = FE53C8112182474F002BD71F /* InputManager.swift */; };
		FE53C86A2183FE00002BD71F /* IntegerExtensions.swift in Sources */ = {isa = PBXBuildFile; fileRef = FEA2741C217C546E0072530A /* IntegerExtensions.swift */; };
		FE82CB42219FD8AD00E08545 /* StartupOptions.swift in Sources */ = {isa = PBXBuildFile; fileRef = FE82CB41219FD8AD00E08545 /* StartupOptions.swift */; };
		FE82CB6321A00BE700E08545 /* StartupOptions.swift in Sources */ = {isa = PBXBuildFile; fileRef = FE82CB41219FD8AD00E08545 /* StartupOptions.swift */; };
		FE82CB6421A00BE800E08545 /* StartupOptions.swift in Sources */ = {isa = PBXBuildFile; fileRef = FE82CB41219FD8AD00E08545 /* StartupOptions.swift */; };
		FE8CD47721B800FB00C68C8D /* ConsoleWindow.swift in Sources */ = {isa = PBXBuildFile; fileRef = FE8CD47621B800FB00C68C8D /* ConsoleWindow.swift */; };
		FE8CD47921B8068400C68C8D /* DebuggerWindow.swift in Sources */ = {isa = PBXBuildFile; fileRef = FE8CD47821B8068400C68C8D /* DebuggerWindow.swift */; };
		FEA2740C217C45F70072530A /* AppDelegate.swift in Sources */ = {isa = PBXBuildFile; fileRef = FEA2740B217C45F70072530A /* AppDelegate.swift */; };
		FEA2740E217C45F90072530A /* Assets.xcassets in Resources */ = {isa = PBXBuildFile; fileRef = FEA2740D217C45F90072530A /* Assets.xcassets */; };
		FEA2741B217C47B50072530A /* cpu.swift in Sources */ = {isa = PBXBuildFile; fileRef = FEA2741A217C47B50072530A /* cpu.swift */; };
		FEA2741D217C546E0072530A /* IntegerExtensions.swift in Sources */ = {isa = PBXBuildFile; fileRef = FEA2741C217C546E0072530A /* IntegerExtensions.swift */; };
		FEA27421217C91710072530A /* ppu.swift in Sources */ = {isa = PBXBuildFile; fileRef = FEA27420217C91710072530A /* ppu.swift */; };
		FEA2742E218076150072530A /* nes.swift in Sources */ = {isa = PBXBuildFile; fileRef = FEA2742D218076150072530A /* nes.swift */; };
		FEA27430218085510072530A /* Shader.metal in Sources */ = {isa = PBXBuildFile; fileRef = FEA2742F218085510072530A /* Shader.metal */; };
		FEA274342180CB970072530A /* main.swift in Sources */ = {isa = PBXBuildFile; fileRef = FEA274332180CB970072530A /* main.swift */; };
		FEA274362180D0EB0072530A /* Menu.swift in Sources */ = {isa = PBXBuildFile; fileRef = FEA274352180D0EA0072530A /* Menu.swift */; };
		FEA2743B2181FC860072530A /* Conductor.swift in Sources */ = {isa = PBXBuildFile; fileRef = FEA2743A2181FC860072530A /* Conductor.swift */; };
		FEA2743D2181FCCA0072530A /* Renderer.swift in Sources */ = {isa = PBXBuildFile; fileRef = FEA2743C2181FCCA0072530A /* Renderer.swift */; };
		FEA2743F2182014E0072530A /* LogicLoop.swift in Sources */ = {isa = PBXBuildFile; fileRef = FEA2743E2182014E0072530A /* LogicLoop.swift */; };
		FEA4865F21B288C600ADE1AF /* cpu-instructions-tests.lst in Resources */ = {isa = PBXBuildFile; fileRef = FEA4865D21B288C600ADE1AF /* cpu-instructions-tests.lst */; };
		FEA4866321B28D5A00ADE1AF /* cpu-instructions-tests.bin in Resources */ = {isa = PBXBuildFile; fileRef = FEA4866221B28D5A00ADE1AF /* cpu-instructions-tests.bin */; };
		FEB8D31F21BC72D700A42E99 /* NSColorExtensions.swift in Sources */ = {isa = PBXBuildFile; fileRef = FEB8D31E21BC72D700A42E99 /* NSColorExtensions.swift */; };
		FEBA1F3F21820D610044DC8B /* AppDelegate.swift in Sources */ = {isa = PBXBuildFile; fileRef = FEBA1F3E21820D610044DC8B /* AppDelegate.swift */; };
		FEBA1F4121820D610044DC8B /* ViewController.swift in Sources */ = {isa = PBXBuildFile; fileRef = FEBA1F4021820D610044DC8B /* ViewController.swift */; };
		FEBA1F4621820D620044DC8B /* Assets.xcassets in Resources */ = {isa = PBXBuildFile; fileRef = FEBA1F4521820D620044DC8B /* Assets.xcassets */; };
		FEBA1F4921820D620044DC8B /* LaunchScreen.storyboard in Resources */ = {isa = PBXBuildFile; fileRef = FEBA1F4721820D620044DC8B /* LaunchScreen.storyboard */; };
		FEBA1F5621820E920044DC8B /* cpu.swift in Sources */ = {isa = PBXBuildFile; fileRef = FEA2741A217C47B50072530A /* cpu.swift */; };
		FEC79C8921842789006C3096 /* NesFile.swift in Sources */ = {isa = PBXBuildFile; fileRef = FEC79C8821842789006C3096 /* NesFile.swift */; };
		FEC79C8B218459A7006C3096 /* mmc1.swift in Sources */ = {isa = PBXBuildFile; fileRef = FEC79C8A218459A7006C3096 /* mmc1.swift */; };
		FEC79C8D21845CF7006C3096 /* mmc3.swift in Sources */ = {isa = PBXBuildFile; fileRef = FEC79C8C21845CF7006C3096 /* mmc3.swift */; };
		FEE4CA7C2260730900434BF8 /* main.swift in Sources */ = {isa = PBXBuildFile; fileRef = FEE4CA7B2260730900434BF8 /* main.swift */; };
		FEE4CA802260737600434BF8 /* Conductor.swift in Sources */ = {isa = PBXBuildFile; fileRef = FEA2743A2181FC860072530A /* Conductor.swift */; };
		FEE4CA812260737600434BF8 /* Renderer.swift in Sources */ = {isa = PBXBuildFile; fileRef = FEA2743C2181FCCA0072530A /* Renderer.swift */; };
		FEE4CA822260737600434BF8 /* LogicLoop.swift in Sources */ = {isa = PBXBuildFile; fileRef = FEA2743E2182014E0072530A /* LogicLoop.swift */; };
		FEE4CA832260737600434BF8 /* InputManager.swift in Sources */ = {isa = PBXBuildFile; fileRef = FE53C8112182474F002BD71F /* InputManager.swift */; };
		FEE4CA842260737600434BF8 /* NesFile.swift in Sources */ = {isa = PBXBuildFile; fileRef = FEC79C8821842789006C3096 /* NesFile.swift */; };
		FEE4CA852260737600434BF8 /* Debugger.swift in Sources */ = {isa = PBXBuildFile; fileRef = FE0E81E321B72C6400FAB227 /* Debugger.swift */; };
		FEE4CA862260737600434BF8 /* StartupOptions.swift in Sources */ = {isa = PBXBuildFile; fileRef = FE82CB41219FD8AD00E08545 /* StartupOptions.swift */; };
		FEE4CA872260737600434BF8 /* IntegerExtensions.swift in Sources */ = {isa = PBXBuildFile; fileRef = FEA2741C217C546E0072530A /* IntegerExtensions.swift */; };
		FEE4CA882260738200434BF8 /* mapper.swift in Sources */ = {isa = PBXBuildFile; fileRef = FE53C8172182C27E002BD71F /* mapper.swift */; };
		FEE4CA892260738200434BF8 /* unrom.swift in Sources */ = {isa = PBXBuildFile; fileRef = FEE7F73A21CD14CD0005956E /* unrom.swift */; };
		FEE4CA8A2260738200434BF8 /* mmc1.swift in Sources */ = {isa = PBXBuildFile; fileRef = FEC79C8A218459A7006C3096 /* mmc1.swift */; };
		FEE4CA8B2260738200434BF8 /* cnrom.swift in Sources */ = {isa = PBXBuildFile; fileRef = FE0E81DF21B3794800FAB227 /* cnrom.swift */; };
		FEE4CA8C2260738200434BF8 /* mmc3.swift in Sources */ = {isa = PBXBuildFile; fileRef = FEC79C8C21845CF7006C3096 /* mmc3.swift */; };
		FEE4CA8D2260738200434BF8 /* nes.swift in Sources */ = {isa = PBXBuildFile; fileRef = FEA2742D218076150072530A /* nes.swift */; };
		FEE4CA8E2260738200434BF8 /* ppu.swift in Sources */ = {isa = PBXBuildFile; fileRef = FEA27420217C91710072530A /* ppu.swift */; };
		FEE4CA8F2260738200434BF8 /* apu.swift in Sources */ = {isa = PBXBuildFile; fileRef = FE53C80E21823FB1002BD71F /* apu.swift */; };
		FEE4CA902260738200434BF8 /* ram.swift in Sources */ = {isa = PBXBuildFile; fileRef = FE53C8152182BE49002BD71F /* ram.swift */; };
		FEE4CA912260738200434BF8 /* controller.swift in Sources */ = {isa = PBXBuildFile; fileRef = FE53C81321824964002BD71F /* controller.swift */; };
		FEE4CA922260738200434BF8 /* cartridge.swift in Sources */ = {isa = PBXBuildFile; fileRef = FE53C81A21834DBE002BD71F /* cartridge.swift */; };
		FEE4CA932260738200434BF8 /* bus.swift in Sources */ = {isa = PBXBuildFile; fileRef = FE53C81C21834E08002BD71F /* bus.swift */; };
		FEE4CA942260738500434BF8 /* cpu.swift in Sources */ = {isa = PBXBuildFile; fileRef = FEA2741A217C47B50072530A /* cpu.swift */; };
		FEE4CA952260738500434BF8 /* addressing.swift in Sources */ = {isa = PBXBuildFile; fileRef = FE53C82121835789002BD71F /* addressing.swift */; };
		FEE4CA962260738500434BF8 /* memory.swift in Sources */ = {isa = PBXBuildFile; fileRef = FE53C823218357A7002BD71F /* memory.swift */; };
		FEE4CA98226073B800434BF8 /* TerminalLogicLoop.swift in Sources */ = {isa = PBXBuildFile; fileRef = FEE4CA97226073B800434BF8 /* TerminalLogicLoop.swift */; };
		FEE4CA9A2260788F00434BF8 /* Interpreter.swift in Sources */ = {isa = PBXBuildFile; fileRef = FEE4CA992260788F00434BF8 /* Interpreter.swift */; };
		FEE7F73B21CD14CD0005956E /* unrom.swift in Sources */ = {isa = PBXBuildFile; fileRef = FEE7F73A21CD14CD0005956E /* unrom.swift */; };
		FEE7F73C21CD14CD0005956E /* unrom.swift in Sources */ = {isa = PBXBuildFile; fileRef = FEE7F73A21CD14CD0005956E /* unrom.swift */; };
		FEE7F73D21CD14CD0005956E /* unrom.swift in Sources */ = {isa = PBXBuildFile; fileRef = FEE7F73A21CD14CD0005956E /* unrom.swift */; };
		FEF6F44121BF83F200DE9881 /* NSAttributedString.swift in Sources */ = {isa = PBXBuildFile; fileRef = FEF6F44021BF83F200DE9881 /* NSAttributedString.swift */; };
		FEFA972021A7B98F00FF74ED /* cpu-tests-roms.swift in Sources */ = {isa = PBXBuildFile; fileRef = FEFA971F21A7B98F00FF74ED /* cpu-tests-roms.swift */; };
/* End PBXBuildFile section */

/* Begin PBXContainerItemProxy section */
		FE53C836218369ED002BD71F /* PBXContainerItemProxy */ = {
			isa = PBXContainerItemProxy;
			containerPortal = FEA27400217C45F70072530A /* Project object */;
			proxyType = 1;
			remoteGlobalIDString = FEA27407217C45F70072530A;
			remoteInfo = "swiftness-osx";
		};
/* End PBXContainerItemProxy section */

/* Begin PBXCopyFilesBuildPhase section */
		FEE4CA772260730900434BF8 /* CopyFiles */ = {
			isa = PBXCopyFilesBuildPhase;
			buildActionMask = 2147483647;
			dstPath = /usr/share/man/man1/;
			dstSubfolderSpec = 0;
			files = (
			);
			runOnlyForDeploymentPostprocessing = 1;
		};
/* End PBXCopyFilesBuildPhase section */

/* Begin PBXFileReference section */
		FE0E81DF21B3794800FAB227 /* cnrom.swift */ = {isa = PBXFileReference; lastKnownFileType = sourcecode.swift; path = cnrom.swift; sourceTree = "<group>"; };
		FE0E81E321B72C6400FAB227 /* Debugger.swift */ = {isa = PBXFileReference; lastKnownFileType = sourcecode.swift; path = Debugger.swift; sourceTree = "<group>"; };
		FE205D0021E7FAE900FFE577 /* nes-tests-roms.swift */ = {isa = PBXFileReference; lastKnownFileType = sourcecode.swift; path = "nes-tests-roms.swift"; sourceTree = "<group>"; };
		FE205D0221E800F400FFE577 /* cpu-instructions-tests.nes */ = {isa = PBXFileReference; lastKnownFileType = file; path = "cpu-instructions-tests.nes"; sourceTree = "<group>"; };
		FE205D0421E801CF00FFE577 /* cpu-instructions-misc-tests.nes */ = {isa = PBXFileReference; lastKnownFileType = file; path = "cpu-instructions-misc-tests.nes"; sourceTree = "<group>"; };
		FE53C80321821344002BD71F /* main.swift */ = {isa = PBXFileReference; lastKnownFileType = sourcecode.swift; path = main.swift; sourceTree = "<group>"; };
		FE53C807218224C5002BD71F /* MetalRenderer.swift */ = {isa = PBXFileReference; lastKnownFileType = sourcecode.swift; path = MetalRenderer.swift; sourceTree = "<group>"; };
		FE53C809218225C4002BD71F /* CVDisplayLinkLoop.swift */ = {isa = PBXFileReference; lastKnownFileType = sourcecode.swift; path = CVDisplayLinkLoop.swift; sourceTree = "<group>"; };
		FE53C80E21823FB1002BD71F /* apu.swift */ = {isa = PBXFileReference; lastKnownFileType = sourcecode.swift; path = apu.swift; sourceTree = "<group>"; };
		FE53C8112182474F002BD71F /* InputManager.swift */ = {isa = PBXFileReference; lastKnownFileType = sourcecode.swift; path = InputManager.swift; sourceTree = "<group>"; };
		FE53C81321824964002BD71F /* controller.swift */ = {isa = PBXFileReference; lastKnownFileType = sourcecode.swift; path = controller.swift; sourceTree = "<group>"; };
		FE53C8152182BE49002BD71F /* ram.swift */ = {isa = PBXFileReference; lastKnownFileType = sourcecode.swift; path = ram.swift; sourceTree = "<group>"; };
		FE53C8172182C27E002BD71F /* mapper.swift */ = {isa = PBXFileReference; lastKnownFileType = sourcecode.swift; path = mapper.swift; sourceTree = "<group>"; };
		FE53C81A21834DBE002BD71F /* cartridge.swift */ = {isa = PBXFileReference; lastKnownFileType = sourcecode.swift; path = cartridge.swift; sourceTree = "<group>"; };
		FE53C81C21834E08002BD71F /* bus.swift */ = {isa = PBXFileReference; lastKnownFileType = sourcecode.swift; path = bus.swift; sourceTree = "<group>"; };
		FE53C82121835789002BD71F /* addressing.swift */ = {isa = PBXFileReference; lastKnownFileType = sourcecode.swift; path = addressing.swift; sourceTree = "<group>"; };
		FE53C823218357A7002BD71F /* memory.swift */ = {isa = PBXFileReference; lastKnownFileType = sourcecode.swift; path = memory.swift; sourceTree = "<group>"; };
		FE53C831218369ED002BD71F /* swiftness-osx-tests.xctest */ = {isa = PBXFileReference; explicitFileType = wrapper.cfbundle; includeInIndex = 0; path = "swiftness-osx-tests.xctest"; sourceTree = BUILT_PRODUCTS_DIR; };
		FE53C835218369ED002BD71F /* Info.plist */ = {isa = PBXFileReference; lastKnownFileType = text.plist.xml; path = Info.plist; sourceTree = "<group>"; };
		FE53C83B2183E5AF002BD71F /* InputResponder.swift */ = {isa = PBXFileReference; lastKnownFileType = sourcecode.swift; path = InputResponder.swift; sourceTree = "<group>"; };
		FE82CB41219FD8AD00E08545 /* StartupOptions.swift */ = {isa = PBXFileReference; lastKnownFileType = sourcecode.swift; path = StartupOptions.swift; sourceTree = "<group>"; };
		FE8CD47621B800FB00C68C8D /* ConsoleWindow.swift */ = {isa = PBXFileReference; lastKnownFileType = sourcecode.swift; path = ConsoleWindow.swift; sourceTree = "<group>"; };
		FE8CD47821B8068400C68C8D /* DebuggerWindow.swift */ = {isa = PBXFileReference; lastKnownFileType = sourcecode.swift; path = DebuggerWindow.swift; sourceTree = "<group>"; };
		FEA27408217C45F70072530A /* swiftness-osx.app */ = {isa = PBXFileReference; explicitFileType = wrapper.application; includeInIndex = 0; path = "swiftness-osx.app"; sourceTree = BUILT_PRODUCTS_DIR; };
		FEA2740B217C45F70072530A /* AppDelegate.swift */ = {isa = PBXFileReference; lastKnownFileType = sourcecode.swift; path = AppDelegate.swift; sourceTree = "<group>"; };
		FEA2740D217C45F90072530A /* Assets.xcassets */ = {isa = PBXFileReference; lastKnownFileType = folder.assetcatalog; path = Assets.xcassets; sourceTree = "<group>"; };
		FEA27412217C45F90072530A /* Info.plist */ = {isa = PBXFileReference; lastKnownFileType = text.plist.xml; path = Info.plist; sourceTree = "<group>"; };
		FEA27413217C45F90072530A /* swiftness.entitlements */ = {isa = PBXFileReference; lastKnownFileType = text.plist.entitlements; path = swiftness.entitlements; sourceTree = "<group>"; };
		FEA2741A217C47B50072530A /* cpu.swift */ = {isa = PBXFileReference; lastKnownFileType = sourcecode.swift; path = cpu.swift; sourceTree = "<group>"; };
		FEA2741C217C546E0072530A /* IntegerExtensions.swift */ = {isa = PBXFileReference; lastKnownFileType = sourcecode.swift; path = IntegerExtensions.swift; sourceTree = "<group>"; };
		FEA27420217C91710072530A /* ppu.swift */ = {isa = PBXFileReference; lastKnownFileType = sourcecode.swift; path = ppu.swift; sourceTree = "<group>"; };
		FEA2742D218076150072530A /* nes.swift */ = {isa = PBXFileReference; lastKnownFileType = sourcecode.swift; path = nes.swift; sourceTree = "<group>"; };
		FEA2742F218085510072530A /* Shader.metal */ = {isa = PBXFileReference; fileEncoding = 4; lastKnownFileType = sourcecode.metal; path = Shader.metal; sourceTree = "<group>"; };
		FEA274332180CB970072530A /* main.swift */ = {isa = PBXFileReference; lastKnownFileType = sourcecode.swift; path = main.swift; sourceTree = "<group>"; };
		FEA274352180D0EA0072530A /* Menu.swift */ = {isa = PBXFileReference; lastKnownFileType = sourcecode.swift; path = Menu.swift; sourceTree = "<group>"; };
		FEA2743A2181FC860072530A /* Conductor.swift */ = {isa = PBXFileReference; lastKnownFileType = sourcecode.swift; path = Conductor.swift; sourceTree = "<group>"; };
		FEA2743C2181FCCA0072530A /* Renderer.swift */ = {isa = PBXFileReference; lastKnownFileType = sourcecode.swift; path = Renderer.swift; sourceTree = "<group>"; };
		FEA2743E2182014E0072530A /* LogicLoop.swift */ = {isa = PBXFileReference; lastKnownFileType = sourcecode.swift; path = LogicLoop.swift; sourceTree = "<group>"; };
		FEA4865D21B288C600ADE1AF /* cpu-instructions-tests.lst */ = {isa = PBXFileReference; fileEncoding = 4; lastKnownFileType = text; path = "cpu-instructions-tests.lst"; sourceTree = "<group>"; };
		FEA4866221B28D5A00ADE1AF /* cpu-instructions-tests.bin */ = {isa = PBXFileReference; lastKnownFileType = archive.macbinary; path = "cpu-instructions-tests.bin"; sourceTree = "<group>"; };
		FEB8D31E21BC72D700A42E99 /* NSColorExtensions.swift */ = {isa = PBXFileReference; lastKnownFileType = sourcecode.swift; path = NSColorExtensions.swift; sourceTree = "<group>"; };
		FEBA1F3C21820D610044DC8B /* swiftness-ios.app */ = {isa = PBXFileReference; explicitFileType = wrapper.application; includeInIndex = 0; path = "swiftness-ios.app"; sourceTree = BUILT_PRODUCTS_DIR; };
		FEBA1F3E21820D610044DC8B /* AppDelegate.swift */ = {isa = PBXFileReference; lastKnownFileType = sourcecode.swift; path = AppDelegate.swift; sourceTree = "<group>"; };
		FEBA1F4021820D610044DC8B /* ViewController.swift */ = {isa = PBXFileReference; lastKnownFileType = sourcecode.swift; path = ViewController.swift; sourceTree = "<group>"; };
		FEBA1F4521820D620044DC8B /* Assets.xcassets */ = {isa = PBXFileReference; lastKnownFileType = folder.assetcatalog; path = Assets.xcassets; sourceTree = "<group>"; };
		FEBA1F4821820D620044DC8B /* Base */ = {isa = PBXFileReference; lastKnownFileType = file.storyboard; name = Base; path = Base.lproj/LaunchScreen.storyboard; sourceTree = "<group>"; };
		FEBA1F4A21820D620044DC8B /* Info.plist */ = {isa = PBXFileReference; lastKnownFileType = text.plist.xml; path = Info.plist; sourceTree = "<group>"; };
		FEC79C8821842789006C3096 /* NesFile.swift */ = {isa = PBXFileReference; lastKnownFileType = sourcecode.swift; path = NesFile.swift; sourceTree = "<group>"; };
		FEC79C8A218459A7006C3096 /* mmc1.swift */ = {isa = PBXFileReference; lastKnownFileType = sourcecode.swift; path = mmc1.swift; sourceTree = "<group>"; };
		FEC79C8C21845CF7006C3096 /* mmc3.swift */ = {isa = PBXFileReference; lastKnownFileType = sourcecode.swift; path = mmc3.swift; sourceTree = "<group>"; };
		FEE4CA792260730900434BF8 /* swiftness-unix */ = {isa = PBXFileReference; explicitFileType = "compiled.mach-o.executable"; includeInIndex = 0; path = "swiftness-unix"; sourceTree = BUILT_PRODUCTS_DIR; };
		FEE4CA7B2260730900434BF8 /* main.swift */ = {isa = PBXFileReference; lastKnownFileType = sourcecode.swift; path = main.swift; sourceTree = "<group>"; };
		FEE4CA97226073B800434BF8 /* TerminalLogicLoop.swift */ = {isa = PBXFileReference; lastKnownFileType = sourcecode.swift; path = TerminalLogicLoop.swift; sourceTree = "<group>"; };
		FEE4CA992260788F00434BF8 /* Interpreter.swift */ = {isa = PBXFileReference; lastKnownFileType = sourcecode.swift; path = Interpreter.swift; sourceTree = "<group>"; };
		FEE7F73A21CD14CD0005956E /* unrom.swift */ = {isa = PBXFileReference; lastKnownFileType = sourcecode.swift; path = unrom.swift; sourceTree = "<group>"; };
		FEF6F44021BF83F200DE9881 /* NSAttributedString.swift */ = {isa = PBXFileReference; lastKnownFileType = sourcecode.swift; path = NSAttributedString.swift; sourceTree = "<group>"; };
		FEFA971F21A7B98F00FF74ED /* cpu-tests-roms.swift */ = {isa = PBXFileReference; lastKnownFileType = sourcecode.swift; path = "cpu-tests-roms.swift"; sourceTree = "<group>"; };
/* End PBXFileReference section */

/* Begin PBXFrameworksBuildPhase section */
		FE53C82E218369ED002BD71F /* Frameworks */ = {
			isa = PBXFrameworksBuildPhase;
			buildActionMask = 2147483647;
			files = (
			);
			runOnlyForDeploymentPostprocessing = 0;
		};
		FEA27405217C45F70072530A /* Frameworks */ = {
			isa = PBXFrameworksBuildPhase;
			buildActionMask = 2147483647;
			files = (
			);
			runOnlyForDeploymentPostprocessing = 0;
		};
		FEBA1F3921820D610044DC8B /* Frameworks */ = {
			isa = PBXFrameworksBuildPhase;
			buildActionMask = 2147483647;
			files = (
			);
			runOnlyForDeploymentPostprocessing = 0;
		};
		FEE4CA762260730900434BF8 /* Frameworks */ = {
			isa = PBXFrameworksBuildPhase;
			buildActionMask = 2147483647;
			files = (
			);
			runOnlyForDeploymentPostprocessing = 0;
		};
/* End PBXFrameworksBuildPhase section */

/* Begin PBXGroup section */
		FE53C81921834D9D002BD71F /* mappers */ = {
			isa = PBXGroup;
			children = (
				FE53C8172182C27E002BD71F /* mapper.swift */,
				FEE7F73A21CD14CD0005956E /* unrom.swift */,
				FEC79C8A218459A7006C3096 /* mmc1.swift */,
				FE0E81DF21B3794800FAB227 /* cnrom.swift */,
				FEC79C8C21845CF7006C3096 /* mmc3.swift */,
			);
			path = mappers;
			sourceTree = "<group>";
		};
		FE53C81E2183570E002BD71F /* cpu */ = {
			isa = PBXGroup;
			children = (
				FEA2741A217C47B50072530A /* cpu.swift */,
				FE53C82121835789002BD71F /* addressing.swift */,
				FE53C823218357A7002BD71F /* memory.swift */,
			);
			path = cpu;
			sourceTree = "<group>";
		};
		FE53C832218369ED002BD71F /* swiftness-osx-tests */ = {
			isa = PBXGroup;
			children = (
				FEFA972321A7DEFD00FF74ED /* roms */,
				FE205D0021E7FAE900FFE577 /* nes-tests-roms.swift */,
				FEFA971F21A7B98F00FF74ED /* cpu-tests-roms.swift */,
				FE53C835218369ED002BD71F /* Info.plist */,
			);
			path = "swiftness-osx-tests";
			sourceTree = "<group>";
		};
		FEA273FF217C45F70072530A = {
			isa = PBXGroup;
			children = (
				FEA27419217C46530072530A /* hardware */,
				FEBA1F4E21820E760044DC8B /* swiftness */,
				FEE4CA7A2260730900434BF8 /* swiftness-unix */,
				FEA2740A217C45F70072530A /* swiftness-osx */,
				FEBA1F3D21820D610044DC8B /* swiftness-ios */,
				FE53C832218369ED002BD71F /* swiftness-osx-tests */,
				FEA27409217C45F70072530A /* Products */,
			);
			sourceTree = "<group>";
		};
		FEA27409217C45F70072530A /* Products */ = {
			isa = PBXGroup;
			children = (
				FEA27408217C45F70072530A /* swiftness-osx.app */,
				FEBA1F3C21820D610044DC8B /* swiftness-ios.app */,
				FE53C831218369ED002BD71F /* swiftness-osx-tests.xctest */,
				FEE4CA792260730900434BF8 /* swiftness-unix */,
			);
			name = Products;
			sourceTree = "<group>";
		};
		FEA2740A217C45F70072530A /* swiftness-osx */ = {
			isa = PBXGroup;
			children = (
				FE53C807218224C5002BD71F /* MetalRenderer.swift */,
				FEA2742F218085510072530A /* Shader.metal */,
				FE53C809218225C4002BD71F /* CVDisplayLinkLoop.swift */,
				FE53C83B2183E5AF002BD71F /* InputResponder.swift */,
				FE8CD47621B800FB00C68C8D /* ConsoleWindow.swift */,
				FE8CD47821B8068400C68C8D /* DebuggerWindow.swift */,
				FEA2740B217C45F70072530A /* AppDelegate.swift */,
				FEA274352180D0EA0072530A /* Menu.swift */,
				FEA274332180CB970072530A /* main.swift */,
				FEB8D31E21BC72D700A42E99 /* NSColorExtensions.swift */,
				FEF6F44021BF83F200DE9881 /* NSAttributedString.swift */,
				FEA2740D217C45F90072530A /* Assets.xcassets */,
				FEA27412217C45F90072530A /* Info.plist */,
				FEA27413217C45F90072530A /* swiftness.entitlements */,
			);
			path = "swiftness-osx";
			sourceTree = "<group>";
		};
		FEA27419217C46530072530A /* hardware */ = {
			isa = PBXGroup;
			children = (
				FE53C81E2183570E002BD71F /* cpu */,
				FE53C81921834D9D002BD71F /* mappers */,
				FEA2742D218076150072530A /* nes.swift */,
				FEA27420217C91710072530A /* ppu.swift */,
				FE53C80E21823FB1002BD71F /* apu.swift */,
				FE53C8152182BE49002BD71F /* ram.swift */,
				FE53C81321824964002BD71F /* controller.swift */,
				FE53C81A21834DBE002BD71F /* cartridge.swift */,
				FE53C81C21834E08002BD71F /* bus.swift */,
			);
			path = hardware;
			sourceTree = "<group>";
		};
		FEA4864F21B2822B00ADE1AF /* cpu-instructions */ = {
			isa = PBXGroup;
			children = (
				FE205D0221E800F400FFE577 /* cpu-instructions-tests.nes */,
				FE205D0421E801CF00FFE577 /* cpu-instructions-misc-tests.nes */,
				FEA4866221B28D5A00ADE1AF /* cpu-instructions-tests.bin */,
				FEA4865D21B288C600ADE1AF /* cpu-instructions-tests.lst */,
			);
			path = "cpu-instructions";
			sourceTree = "<group>";
		};
		FEBA1F3D21820D610044DC8B /* swiftness-ios */ = {
			isa = PBXGroup;
			children = (
				FEBA1F4021820D610044DC8B /* ViewController.swift */,
				FEBA1F3E21820D610044DC8B /* AppDelegate.swift */,
				FE53C80321821344002BD71F /* main.swift */,
				FEBA1F4521820D620044DC8B /* Assets.xcassets */,
				FEBA1F4721820D620044DC8B /* LaunchScreen.storyboard */,
				FEBA1F4A21820D620044DC8B /* Info.plist */,
			);
			path = "swiftness-ios";
			sourceTree = "<group>";
		};
		FEBA1F4E21820E760044DC8B /* swiftness */ = {
			isa = PBXGroup;
			children = (
				FEA2743A2181FC860072530A /* Conductor.swift */,
				FEA2743C2181FCCA0072530A /* Renderer.swift */,
				FEA2743E2182014E0072530A /* LogicLoop.swift */,
				FE53C8112182474F002BD71F /* InputManager.swift */,
				FEC79C8821842789006C3096 /* NesFile.swift */,
				FE0E81E321B72C6400FAB227 /* Debugger.swift */,
				FE82CB41219FD8AD00E08545 /* StartupOptions.swift */,
				FEA2741C217C546E0072530A /* IntegerExtensions.swift */,
			);
			path = swiftness;
			sourceTree = "<group>";
		};
		FEE4CA7A2260730900434BF8 /* swiftness-unix */ = {
			isa = PBXGroup;
			children = (
				FEE4CA7B2260730900434BF8 /* main.swift */,
				FEE4CA97226073B800434BF8 /* TerminalLogicLoop.swift */,
				FEE4CA992260788F00434BF8 /* Interpreter.swift */,
			);
			path = "swiftness-unix";
			sourceTree = "<group>";
		};
		FEFA972321A7DEFD00FF74ED /* roms */ = {
			isa = PBXGroup;
			children = (
				FEA4864F21B2822B00ADE1AF /* cpu-instructions */,
			);
			path = roms;
			sourceTree = "<group>";
		};
/* End PBXGroup section */

/* Begin PBXNativeTarget section */
		FE53C830218369ED002BD71F /* swiftness-osx-tests */ = {
			isa = PBXNativeTarget;
			buildConfigurationList = FE53C838218369ED002BD71F /* Build configuration list for PBXNativeTarget "swiftness-osx-tests" */;
			buildPhases = (
				FE53C82D218369ED002BD71F /* Sources */,
				FE53C82E218369ED002BD71F /* Frameworks */,
				FE53C82F218369ED002BD71F /* Resources */,
			);
			buildRules = (
			);
			dependencies = (
				FE53C837218369ED002BD71F /* PBXTargetDependency */,
			);
			name = "swiftness-osx-tests";
			productName = "swiftness-osx-tests";
			productReference = FE53C831218369ED002BD71F /* swiftness-osx-tests.xctest */;
			productType = "com.apple.product-type.bundle.unit-test";
		};
		FEA27407217C45F70072530A /* swiftness-osx */ = {
			isa = PBXNativeTarget;
			buildConfigurationList = FEA27416217C45F90072530A /* Build configuration list for PBXNativeTarget "swiftness-osx" */;
			buildPhases = (
				FEA27404217C45F70072530A /* Sources */,
				FEA27405217C45F70072530A /* Frameworks */,
				FEA27406217C45F70072530A /* Resources */,
			);
			buildRules = (
			);
			dependencies = (
			);
			name = "swiftness-osx";
			productName = "swift-nes";
			productReference = FEA27408217C45F70072530A /* swiftness-osx.app */;
			productType = "com.apple.product-type.application";
		};
		FEBA1F3B21820D610044DC8B /* swiftness-ios */ = {
			isa = PBXNativeTarget;
			buildConfigurationList = FEBA1F4B21820D620044DC8B /* Build configuration list for PBXNativeTarget "swiftness-ios" */;
			buildPhases = (
				FEBA1F3821820D610044DC8B /* Sources */,
				FEBA1F3921820D610044DC8B /* Frameworks */,
				FEBA1F3A21820D610044DC8B /* Resources */,
			);
			buildRules = (
			);
			dependencies = (
			);
			name = "swiftness-ios";
			productName = "swiftness-ios";
			productReference = FEBA1F3C21820D610044DC8B /* swiftness-ios.app */;
			productType = "com.apple.product-type.application";
		};
		FEE4CA782260730900434BF8 /* swiftness-unix */ = {
			isa = PBXNativeTarget;
			buildConfigurationList = FEE4CA7D2260730900434BF8 /* Build configuration list for PBXNativeTarget "swiftness-unix" */;
			buildPhases = (
				FEE4CA752260730900434BF8 /* Sources */,
				FEE4CA762260730900434BF8 /* Frameworks */,
				FEE4CA772260730900434BF8 /* CopyFiles */,
			);
			buildRules = (
			);
			dependencies = (
			);
			name = "swiftness-unix";
			productName = "swiftness-unix";
			productReference = FEE4CA792260730900434BF8 /* swiftness-unix */;
			productType = "com.apple.product-type.tool";
		};
/* End PBXNativeTarget section */

/* Begin PBXProject section */
		FEA27400217C45F70072530A /* Project object */ = {
			isa = PBXProject;
			attributes = {
				LastSwiftUpdateCheck = 1020;
				LastUpgradeCheck = 1000;
				ORGANIZATIONNAME = Frigstudio;
				TargetAttributes = {
					FE53C830218369ED002BD71F = {
						CreatedOnToolsVersion = 10.0;
						TestTargetID = FEA27407217C45F70072530A;
					};
					FEA27407217C45F70072530A = {
						CreatedOnToolsVersion = 10.0;
					};
					FEBA1F3B21820D610044DC8B = {
						CreatedOnToolsVersion = 10.0;
					};
					FEE4CA782260730900434BF8 = {
						CreatedOnToolsVersion = 10.2;
					};
				};
			};
			buildConfigurationList = FEA27403217C45F70072530A /* Build configuration list for PBXProject "swiftness" */;
			compatibilityVersion = "Xcode 9.3";
			developmentRegion = en;
			hasScannedForEncodings = 0;
			knownRegions = (
				en,
				Base,
			);
			mainGroup = FEA273FF217C45F70072530A;
			productRefGroup = FEA27409217C45F70072530A /* Products */;
			projectDirPath = "";
			projectRoot = "";
			targets = (
				FEA27407217C45F70072530A /* swiftness-osx */,
				FEBA1F3B21820D610044DC8B /* swiftness-ios */,
				FE53C830218369ED002BD71F /* swiftness-osx-tests */,
				FEE4CA782260730900434BF8 /* swiftness-unix */,
			);
		};
/* End PBXProject section */

/* Begin PBXResourcesBuildPhase section */
		FE53C82F218369ED002BD71F /* Resources */ = {
			isa = PBXResourcesBuildPhase;
			buildActionMask = 2147483647;
			files = (
				FEA4865F21B288C600ADE1AF /* cpu-instructions-tests.lst in Resources */,
				FE205D0321E800FB00FFE577 /* cpu-instructions-tests.nes in Resources */,
				FE205D0521E801CF00FFE577 /* cpu-instructions-misc-tests.nes in Resources */,
				FEA4866321B28D5A00ADE1AF /* cpu-instructions-tests.bin in Resources */,
			);
			runOnlyForDeploymentPostprocessing = 0;
		};
		FEA27406217C45F70072530A /* Resources */ = {
			isa = PBXResourcesBuildPhase;
			buildActionMask = 2147483647;
			files = (
				FEA2740E217C45F90072530A /* Assets.xcassets in Resources */,
			);
			runOnlyForDeploymentPostprocessing = 0;
		};
		FEBA1F3A21820D610044DC8B /* Resources */ = {
			isa = PBXResourcesBuildPhase;
			buildActionMask = 2147483647;
			files = (
				FEBA1F4921820D620044DC8B /* LaunchScreen.storyboard in Resources */,
				FEBA1F4621820D620044DC8B /* Assets.xcassets in Resources */,
			);
			runOnlyForDeploymentPostprocessing = 0;
		};
/* End PBXResourcesBuildPhase section */

/* Begin PBXSourcesBuildPhase section */
		FE53C82D218369ED002BD71F /* Sources */ = {
			isa = PBXSourcesBuildPhase;
			buildActionMask = 2147483647;
			files = (
				FE53C8442183FAE4002BD71F /* nes.swift in Sources */,
				FE53C8482183FAE4002BD71F /* controller.swift in Sources */,
				FE3F925821859C260000B574 /* mmc1.swift in Sources */,
				FE53C84E2183FDCE002BD71F /* LogicLoop.swift in Sources */,
				FE53C84A2183FAE4002BD71F /* bus.swift in Sources */,
				FE53C8472183FAE4002BD71F /* ram.swift in Sources */,
				FE0E81E621B7354400FAB227 /* Debugger.swift in Sources */,
				FE3F925921859C260000B574 /* mmc3.swift in Sources */,
				FE53C84F2183FDCE002BD71F /* InputManager.swift in Sources */,
				FE53C8432183FAE1002BD71F /* mapper.swift in Sources */,
				FE53C8462183FAE4002BD71F /* apu.swift in Sources */,
				FE0E81E221B3794800FAB227 /* cnrom.swift in Sources */,
				FE53C8412183FADC002BD71F /* memory.swift in Sources */,
				FE53C8492183FAE4002BD71F /* cartridge.swift in Sources */,
				FE53C84B2183FDC8002BD71F /* IntegerExtensions.swift in Sources */,
				FE3F925421859C1C0000B574 /* NesFile.swift in Sources */,
				FE53C83D2183FAD3002BD71F /* cpu.swift in Sources */,
				FEFA972021A7B98F00FF74ED /* cpu-tests-roms.swift in Sources */,
				FE53C8452183FAE4002BD71F /* ppu.swift in Sources */,
				FE53C8402183FADC002BD71F /* addressing.swift in Sources */,
				FE53C84D2183FDCE002BD71F /* Renderer.swift in Sources */,
				FE82CB6421A00BE800E08545 /* StartupOptions.swift in Sources */,
				FE205D0121E7FAE900FFE577 /* nes-tests-roms.swift in Sources */,
				FE53C84C2183FDCE002BD71F /* Conductor.swift in Sources */,
				FEE7F73D21CD14CD0005956E /* unrom.swift in Sources */,
			);
			runOnlyForDeploymentPostprocessing = 0;
		};
		FEA27404217C45F70072530A /* Sources */ = {
			isa = PBXSourcesBuildPhase;
			buildActionMask = 2147483647;
			files = (
				FE53C8122182474F002BD71F /* InputManager.swift in Sources */,
				FEA2743D2181FCCA0072530A /* Renderer.swift in Sources */,
				FEB8D31F21BC72D700A42E99 /* NSColorExtensions.swift in Sources */,
				FE8CD47921B8068400C68C8D /* DebuggerWindow.swift in Sources */,
				FEC79C8921842789006C3096 /* NesFile.swift in Sources */,
				FE8CD47721B800FB00C68C8D /* ConsoleWindow.swift in Sources */,
				FE53C81B21834DBE002BD71F /* cartridge.swift in Sources */,
				FE53C808218224C5002BD71F /* MetalRenderer.swift in Sources */,
				FEA274342180CB970072530A /* main.swift in Sources */,
				FE53C8162182BE49002BD71F /* ram.swift in Sources */,
				FE0E81E421B72C6400FAB227 /* Debugger.swift in Sources */,
				FEA274362180D0EB0072530A /* Menu.swift in Sources */,
				FEA2743F2182014E0072530A /* LogicLoop.swift in Sources */,
				FEC79C8B218459A7006C3096 /* mmc1.swift in Sources */,
				FE53C82221835789002BD71F /* addressing.swift in Sources */,
				FE53C8182182C27E002BD71F /* mapper.swift in Sources */,
				FE53C83C2183E5AF002BD71F /* InputResponder.swift in Sources */,
				FEA27430218085510072530A /* Shader.metal in Sources */,
				FE82CB42219FD8AD00E08545 /* StartupOptions.swift in Sources */,
				FEA2743B2181FC860072530A /* Conductor.swift in Sources */,
				FE53C824218357A7002BD71F /* memory.swift in Sources */,
				FEA2742E218076150072530A /* nes.swift in Sources */,
				FE53C81421824964002BD71F /* controller.swift in Sources */,
				FEA2741B217C47B50072530A /* cpu.swift in Sources */,
				FEA2741D217C546E0072530A /* IntegerExtensions.swift in Sources */,
				FEF6F44121BF83F200DE9881 /* NSAttributedString.swift in Sources */,
				FE0E81E021B3794800FAB227 /* cnrom.swift in Sources */,
				FE53C80F21823FB1002BD71F /* apu.swift in Sources */,
				FEC79C8D21845CF7006C3096 /* mmc3.swift in Sources */,
				FEE7F73B21CD14CD0005956E /* unrom.swift in Sources */,
				FE53C81D21834E08002BD71F /* bus.swift in Sources */,
				FEA27421217C91710072530A /* ppu.swift in Sources */,
				FE53C80A218225C4002BD71F /* CVDisplayLinkLoop.swift in Sources */,
				FEA2740C217C45F70072530A /* AppDelegate.swift in Sources */,
			);
			runOnlyForDeploymentPostprocessing = 0;
		};
		FEBA1F3821820D610044DC8B /* Sources */ = {
			isa = PBXSourcesBuildPhase;
			buildActionMask = 2147483647;
			files = (
				FE53C8652183FE00002BD71F /* InputManager.swift in Sources */,
				FEBA1F4121820D610044DC8B /* ViewController.swift in Sources */,
				FE3F925521859C1D0000B574 /* NesFile.swift in Sources */,
				FE0E81E121B3794800FAB227 /* cnrom.swift in Sources */,
				FE82CB6321A00BE700E08545 /* StartupOptions.swift in Sources */,
				FE53C810218245F0002BD71F /* Shader.metal in Sources */,
				FE53C8622183FE00002BD71F /* Conductor.swift in Sources */,
				FE53C85D2183FDF7002BD71F /* controller.swift in Sources */,
				FE53C85A2183FDF7002BD71F /* ppu.swift in Sources */,
				FE53C83F2183FADC002BD71F /* memory.swift in Sources */,
				FEBA1F5621820E920044DC8B /* cpu.swift in Sources */,
				FE3F925621859C260000B574 /* mmc1.swift in Sources */,
				FE53C8592183FDF7002BD71F /* nes.swift in Sources */,
				FE53C8422183FAE1002BD71F /* mapper.swift in Sources */,
				FE53C80421821344002BD71F /* main.swift in Sources */,
				FE53C86A2183FE00002BD71F /* IntegerExtensions.swift in Sources */,
				FE53C85F2183FDF7002BD71F /* bus.swift in Sources */,
				FE53C85C2183FDF7002BD71F /* ram.swift in Sources */,
				FE53C85E2183FDF7002BD71F /* cartridge.swift in Sources */,
				FE53C8642183FE00002BD71F /* LogicLoop.swift in Sources */,
				FE0E81E521B7354400FAB227 /* Debugger.swift in Sources */,
				FEBA1F3F21820D610044DC8B /* AppDelegate.swift in Sources */,
				FE53C85B2183FDF7002BD71F /* apu.swift in Sources */,
				FE53C8632183FE00002BD71F /* Renderer.swift in Sources */,
				FE3F925721859C260000B574 /* mmc3.swift in Sources */,
				FE53C83E2183FADC002BD71F /* addressing.swift in Sources */,
				FEE7F73C21CD14CD0005956E /* unrom.swift in Sources */,
			);
			runOnlyForDeploymentPostprocessing = 0;
		};
		FEE4CA752260730900434BF8 /* Sources */ = {
			isa = PBXSourcesBuildPhase;
			buildActionMask = 2147483647;
			files = (
				FEE4CA882260738200434BF8 /* mapper.swift in Sources */,
				FEE4CA832260737600434BF8 /* InputManager.swift in Sources */,
				FEE4CA892260738200434BF8 /* unrom.swift in Sources */,
				FEE4CA8F2260738200434BF8 /* apu.swift in Sources */,
				FEE4CA8B2260738200434BF8 /* cnrom.swift in Sources */,
				FEE4CA852260737600434BF8 /* Debugger.swift in Sources */,
				FEE4CA942260738500434BF8 /* cpu.swift in Sources */,
				FEE4CA8C2260738200434BF8 /* mmc3.swift in Sources */,
				FEE4CA952260738500434BF8 /* addressing.swift in Sources */,
				FEE4CA922260738200434BF8 /* cartridge.swift in Sources */,
				FEE4CA7C2260730900434BF8 /* main.swift in Sources */,
				FEE4CA842260737600434BF8 /* NesFile.swift in Sources */,
				FEE4CA812260737600434BF8 /* Renderer.swift in Sources */,
				FEE4CA932260738200434BF8 /* bus.swift in Sources */,
				FEE4CA902260738200434BF8 /* ram.swift in Sources */,
				FEE4CA912260738200434BF8 /* controller.swift in Sources */,
				FEE4CA962260738500434BF8 /* memory.swift in Sources */,
				FEE4CA8E2260738200434BF8 /* ppu.swift in Sources */,
				FEE4CA9A2260788F00434BF8 /* Interpreter.swift in Sources */,
				FEE4CA98226073B800434BF8 /* TerminalLogicLoop.swift in Sources */,
				FEE4CA8D2260738200434BF8 /* nes.swift in Sources */,
				FEE4CA8A2260738200434BF8 /* mmc1.swift in Sources */,
				FEE4CA822260737600434BF8 /* LogicLoop.swift in Sources */,
				FEE4CA862260737600434BF8 /* StartupOptions.swift in Sources */,
				FEE4CA872260737600434BF8 /* IntegerExtensions.swift in Sources */,
				FEE4CA802260737600434BF8 /* Conductor.swift in Sources */,
			);
			runOnlyForDeploymentPostprocessing = 0;
		};
/* End PBXSourcesBuildPhase section */

/* Begin PBXTargetDependency section */
		FE53C837218369ED002BD71F /* PBXTargetDependency */ = {
			isa = PBXTargetDependency;
			target = FEA27407217C45F70072530A /* swiftness-osx */;
			targetProxy = FE53C836218369ED002BD71F /* PBXContainerItemProxy */;
		};
/* End PBXTargetDependency section */

/* Begin PBXVariantGroup section */
		FEBA1F4721820D620044DC8B /* LaunchScreen.storyboard */ = {
			isa = PBXVariantGroup;
			children = (
				FEBA1F4821820D620044DC8B /* Base */,
			);
			name = LaunchScreen.storyboard;
			sourceTree = "<group>";
		};
/* End PBXVariantGroup section */

/* Begin XCBuildConfiguration section */
		FE53C839218369ED002BD71F /* Debug */ = {
			isa = XCBuildConfiguration;
			buildSettings = {
				BUNDLE_LOADER = "$(TEST_HOST)";
				CODE_SIGN_IDENTITY = "-";
				CODE_SIGN_STYLE = Automatic;
				COMBINE_HIDPI_IMAGES = YES;
				DEVELOPMENT_TEAM = 7LYG6KRX2T;
				INFOPLIST_FILE = "swiftness-osx-tests/Info.plist";
				LD_RUNPATH_SEARCH_PATHS = (
					"$(inherited)",
					"@executable_path/../Frameworks",
					"@loader_path/../Frameworks",
				);
				MACOSX_DEPLOYMENT_TARGET = 10.14;
				PRODUCT_BUNDLE_IDENTIFIER = "com.frigstudio.swiftness-osx-tests";
				PRODUCT_NAME = "$(TARGET_NAME)";
				SWIFT_ENFORCE_EXCLUSIVE_ACCESS = none;
				SWIFT_VERSION = 4.2;
				TEST_HOST = "$(BUILT_PRODUCTS_DIR)/swiftness-osx.app/Contents/MacOS/swiftness-osx";
			};
			name = Debug;
		};
		FE53C83A218369ED002BD71F /* Release */ = {
			isa = XCBuildConfiguration;
			buildSettings = {
				BUNDLE_LOADER = "$(TEST_HOST)";
				CODE_SIGN_IDENTITY = "-";
				CODE_SIGN_STYLE = Automatic;
				COMBINE_HIDPI_IMAGES = YES;
				DEVELOPMENT_TEAM = 7LYG6KRX2T;
				INFOPLIST_FILE = "swiftness-osx-tests/Info.plist";
				LD_RUNPATH_SEARCH_PATHS = (
					"$(inherited)",
					"@executable_path/../Frameworks",
					"@loader_path/../Frameworks",
				);
				MACOSX_DEPLOYMENT_TARGET = 10.14;
				PRODUCT_BUNDLE_IDENTIFIER = "com.frigstudio.swiftness-osx-tests";
				PRODUCT_NAME = "$(TARGET_NAME)";
				SWIFT_ENFORCE_EXCLUSIVE_ACCESS = none;
				SWIFT_VERSION = 4.2;
				TEST_HOST = "$(BUILT_PRODUCTS_DIR)/swiftness-osx.app/Contents/MacOS/swiftness-osx";
			};
			name = Release;
		};
		FEA27414217C45F90072530A /* Debug */ = {
			isa = XCBuildConfiguration;
			buildSettings = {
				ALWAYS_SEARCH_USER_PATHS = NO;
				CLANG_ANALYZER_NONNULL = YES;
				CLANG_ANALYZER_NUMBER_OBJECT_CONVERSION = YES_AGGRESSIVE;
				CLANG_CXX_LANGUAGE_STANDARD = "gnu++14";
				CLANG_CXX_LIBRARY = "libc++";
				CLANG_ENABLE_MODULES = YES;
				CLANG_ENABLE_OBJC_ARC = YES;
				CLANG_ENABLE_OBJC_WEAK = YES;
				CLANG_WARN_BLOCK_CAPTURE_AUTORELEASING = YES;
				CLANG_WARN_BOOL_CONVERSION = YES;
				CLANG_WARN_COMMA = YES;
				CLANG_WARN_CONSTANT_CONVERSION = YES;
				CLANG_WARN_DEPRECATED_OBJC_IMPLEMENTATIONS = YES;
				CLANG_WARN_DIRECT_OBJC_ISA_USAGE = YES_ERROR;
				CLANG_WARN_DOCUMENTATION_COMMENTS = YES;
				CLANG_WARN_EMPTY_BODY = YES;
				CLANG_WARN_ENUM_CONVERSION = YES;
				CLANG_WARN_INFINITE_RECURSION = YES;
				CLANG_WARN_INT_CONVERSION = YES;
				CLANG_WARN_NON_LITERAL_NULL_CONVERSION = YES;
				CLANG_WARN_OBJC_IMPLICIT_RETAIN_SELF = YES;
				CLANG_WARN_OBJC_LITERAL_CONVERSION = YES;
				CLANG_WARN_OBJC_ROOT_CLASS = YES_ERROR;
				CLANG_WARN_RANGE_LOOP_ANALYSIS = YES;
				CLANG_WARN_STRICT_PROTOTYPES = YES;
				CLANG_WARN_SUSPICIOUS_MOVE = YES;
				CLANG_WARN_UNGUARDED_AVAILABILITY = YES_AGGRESSIVE;
				CLANG_WARN_UNREACHABLE_CODE = YES;
				CLANG_WARN__DUPLICATE_METHOD_MATCH = YES;
				CODE_SIGN_IDENTITY = "Mac Developer";
				COPY_PHASE_STRIP = NO;
				DEBUG_INFORMATION_FORMAT = dwarf;
				ENABLE_STRICT_OBJC_MSGSEND = YES;
				ENABLE_TESTABILITY = YES;
				GCC_C_LANGUAGE_STANDARD = gnu11;
				GCC_DYNAMIC_NO_PIC = NO;
				GCC_NO_COMMON_BLOCKS = YES;
				GCC_OPTIMIZATION_LEVEL = 0;
				GCC_PREPROCESSOR_DEFINITIONS = (
					"DEBUG=1",
					"$(inherited)",
				);
				GCC_WARN_64_TO_32_BIT_CONVERSION = YES;
				GCC_WARN_ABOUT_RETURN_TYPE = YES_ERROR;
				GCC_WARN_UNDECLARED_SELECTOR = YES;
				GCC_WARN_UNINITIALIZED_AUTOS = YES_AGGRESSIVE;
				GCC_WARN_UNUSED_FUNCTION = YES;
				GCC_WARN_UNUSED_VARIABLE = YES;
				IPHONEOS_DEPLOYMENT_TARGET = 11.0;
				MACOSX_DEPLOYMENT_TARGET = 10.13;
				MTL_ENABLE_DEBUG_INFO = INCLUDE_SOURCE;
				MTL_FAST_MATH = YES;
				ONLY_ACTIVE_ARCH = YES;
				SDKROOT = macosx;
				SWIFT_ACTIVE_COMPILATION_CONDITIONS = DEBUG;
				SWIFT_OPTIMIZATION_LEVEL = "-Onone";
			};
			name = Debug;
		};
		FEA27415217C45F90072530A /* Release */ = {
			isa = XCBuildConfiguration;
			buildSettings = {
				ALWAYS_SEARCH_USER_PATHS = NO;
				CLANG_ANALYZER_NONNULL = YES;
				CLANG_ANALYZER_NUMBER_OBJECT_CONVERSION = YES_AGGRESSIVE;
				CLANG_CXX_LANGUAGE_STANDARD = "gnu++14";
				CLANG_CXX_LIBRARY = "libc++";
				CLANG_ENABLE_MODULES = YES;
				CLANG_ENABLE_OBJC_ARC = YES;
				CLANG_ENABLE_OBJC_WEAK = YES;
				CLANG_WARN_BLOCK_CAPTURE_AUTORELEASING = YES;
				CLANG_WARN_BOOL_CONVERSION = YES;
				CLANG_WARN_COMMA = YES;
				CLANG_WARN_CONSTANT_CONVERSION = YES;
				CLANG_WARN_DEPRECATED_OBJC_IMPLEMENTATIONS = YES;
				CLANG_WARN_DIRECT_OBJC_ISA_USAGE = YES_ERROR;
				CLANG_WARN_DOCUMENTATION_COMMENTS = YES;
				CLANG_WARN_EMPTY_BODY = YES;
				CLANG_WARN_ENUM_CONVERSION = YES;
				CLANG_WARN_INFINITE_RECURSION = YES;
				CLANG_WARN_INT_CONVERSION = YES;
				CLANG_WARN_NON_LITERAL_NULL_CONVERSION = YES;
				CLANG_WARN_OBJC_IMPLICIT_RETAIN_SELF = YES;
				CLANG_WARN_OBJC_LITERAL_CONVERSION = YES;
				CLANG_WARN_OBJC_ROOT_CLASS = YES_ERROR;
				CLANG_WARN_RANGE_LOOP_ANALYSIS = YES;
				CLANG_WARN_STRICT_PROTOTYPES = YES;
				CLANG_WARN_SUSPICIOUS_MOVE = YES;
				CLANG_WARN_UNGUARDED_AVAILABILITY = YES_AGGRESSIVE;
				CLANG_WARN_UNREACHABLE_CODE = YES;
				CLANG_WARN__DUPLICATE_METHOD_MATCH = YES;
				CODE_SIGN_IDENTITY = "Mac Developer";
				COPY_PHASE_STRIP = NO;
				DEBUG_INFORMATION_FORMAT = "dwarf-with-dsym";
				ENABLE_NS_ASSERTIONS = NO;
				ENABLE_STRICT_OBJC_MSGSEND = YES;
				GCC_C_LANGUAGE_STANDARD = gnu11;
				GCC_NO_COMMON_BLOCKS = YES;
				GCC_WARN_64_TO_32_BIT_CONVERSION = YES;
				GCC_WARN_ABOUT_RETURN_TYPE = YES_ERROR;
				GCC_WARN_UNDECLARED_SELECTOR = YES;
				GCC_WARN_UNINITIALIZED_AUTOS = YES_AGGRESSIVE;
				GCC_WARN_UNUSED_FUNCTION = YES;
				GCC_WARN_UNUSED_VARIABLE = YES;
				IPHONEOS_DEPLOYMENT_TARGET = 11.0;
				MACOSX_DEPLOYMENT_TARGET = 10.13;
				MTL_ENABLE_DEBUG_INFO = NO;
				MTL_FAST_MATH = YES;
				SDKROOT = macosx;
				SWIFT_COMPILATION_MODE = wholemodule;
				SWIFT_OPTIMIZATION_LEVEL = "-O";
			};
			name = Release;
		};
		FEA27417217C45F90072530A /* Debug */ = {
			isa = XCBuildConfiguration;
			buildSettings = {
				ASSETCATALOG_COMPILER_APPICON_NAME = AppIcon;
				CODE_SIGN_ENTITLEMENTS = "swiftness-osx/swiftness.entitlements";
				CODE_SIGN_IDENTITY = "-";
				CODE_SIGN_STYLE = Automatic;
				COMBINE_HIDPI_IMAGES = YES;
				DEVELOPMENT_TEAM = 7LYG6KRX2T;
				FRAMEWORK_SEARCH_PATHS = (
					"$(inherited)",
					"$(PROJECT_DIR)",
				);
				INFOPLIST_FILE = "swiftness-osx/Info.plist";
				LD_RUNPATH_SEARCH_PATHS = (
					"$(inherited)",
					"@executable_path/../Frameworks",
				);
				PRODUCT_BUNDLE_IDENTIFIER = "com.frigstudio.swiftness-osx";
				PRODUCT_NAME = "$(TARGET_NAME)";
				PROVISIONING_PROFILE_SPECIFIER = "";
				SWIFT_ENFORCE_EXCLUSIVE_ACCESS = none;
				SWIFT_VERSION = 4.2;
			};
			name = Debug;
		};
		FEA27418217C45F90072530A /* Release */ = {
			isa = XCBuildConfiguration;
			buildSettings = {
				ASSETCATALOG_COMPILER_APPICON_NAME = AppIcon;
				CODE_SIGN_ENTITLEMENTS = "swiftness-osx/swiftness.entitlements";
				CODE_SIGN_IDENTITY = "Mac Developer";
				CODE_SIGN_STYLE = Automatic;
				COMBINE_HIDPI_IMAGES = YES;
				DEVELOPMENT_TEAM = 7LYG6KRX2T;
				FRAMEWORK_SEARCH_PATHS = (
					"$(inherited)",
					"$(PROJECT_DIR)",
				);
				INFOPLIST_FILE = "swiftness-osx/Info.plist";
				LD_RUNPATH_SEARCH_PATHS = (
					"$(inherited)",
					"@executable_path/../Frameworks",
				);
				PRODUCT_BUNDLE_IDENTIFIER = "com.frigstudio.swiftness-osx";
				PRODUCT_NAME = "$(TARGET_NAME)";
				PROVISIONING_PROFILE_SPECIFIER = "";
				SWIFT_ENFORCE_EXCLUSIVE_ACCESS = none;
				SWIFT_VERSION = 4.2;
			};
			name = Release;
		};
		FEBA1F4C21820D620044DC8B /* Debug */ = {
			isa = XCBuildConfiguration;
			buildSettings = {
				ASSETCATALOG_COMPILER_APPICON_NAME = AppIcon;
				CODE_SIGN_IDENTITY = "iPhone Developer";
				CODE_SIGN_STYLE = Automatic;
				DEVELOPMENT_TEAM = 7LYG6KRX2T;
				INFOPLIST_FILE = "swiftness-ios/Info.plist";
				IPHONEOS_DEPLOYMENT_TARGET = 11.0;
				LD_RUNPATH_SEARCH_PATHS = (
					"$(inherited)",
					"@executable_path/Frameworks",
				);
				PRODUCT_BUNDLE_IDENTIFIER = "com.frigstudio.swiftness-ios";
				PRODUCT_NAME = "$(TARGET_NAME)";
				SDKROOT = iphoneos;
				SWIFT_VERSION = 4.2;
				TARGETED_DEVICE_FAMILY = "1,2";
			};
			name = Debug;
		};
		FEBA1F4D21820D620044DC8B /* Release */ = {
			isa = XCBuildConfiguration;
			buildSettings = {
				ASSETCATALOG_COMPILER_APPICON_NAME = AppIcon;
				CODE_SIGN_IDENTITY = "iPhone Developer";
				CODE_SIGN_STYLE = Automatic;
				DEVELOPMENT_TEAM = 7LYG6KRX2T;
				INFOPLIST_FILE = "swiftness-ios/Info.plist";
				IPHONEOS_DEPLOYMENT_TARGET = 11.0;
				LD_RUNPATH_SEARCH_PATHS = (
					"$(inherited)",
					"@executable_path/Frameworks",
				);
				PRODUCT_BUNDLE_IDENTIFIER = "com.frigstudio.swiftness-ios";
				PRODUCT_NAME = "$(TARGET_NAME)";
				SDKROOT = iphoneos;
				SWIFT_VERSION = 4.2;
				TARGETED_DEVICE_FAMILY = "1,2";
				VALIDATE_PRODUCT = YES;
			};
			name = Release;
		};
		FEE4CA7E2260730900434BF8 /* Debug */ = {
			isa = XCBuildConfiguration;
			buildSettings = {
				CODE_SIGN_STYLE = Automatic;
				DEVELOPMENT_TEAM = 7LYG6KRX2T;
				MACOSX_DEPLOYMENT_TARGET = 10.14;
				PRODUCT_NAME = "$(TARGET_NAME)";
				SWIFT_VERSION = 5.0;
			};
			name = Debug;
		};
		FEE4CA7F2260730900434BF8 /* Release */ = {
			isa = XCBuildConfiguration;
			buildSettings = {
				CODE_SIGN_STYLE = Automatic;
				DEVELOPMENT_TEAM = 7LYG6KRX2T;
				MACOSX_DEPLOYMENT_TARGET = 10.14;
				PRODUCT_NAME = "$(TARGET_NAME)";
				SWIFT_VERSION = 5.0;
			};
			name = Release;
		};
/* End XCBuildConfiguration section */

/* Begin XCConfigurationList section */
		FE53C838218369ED002BD71F /* Build configuration list for PBXNativeTarget "swiftness-osx-tests" */ = {
			isa = XCConfigurationList;
			buildConfigurations = (
				FE53C839218369ED002BD71F /* Debug */,
				FE53C83A218369ED002BD71F /* Release */,
			);
			defaultConfigurationIsVisible = 0;
			defaultConfigurationName = Release;
		};
		FEA27403217C45F70072530A /* Build configuration list for PBXProject "swiftness" */ = {
			isa = XCConfigurationList;
			buildConfigurations = (
				FEA27414217C45F90072530A /* Debug */,
				FEA27415217C45F90072530A /* Release */,
			);
			defaultConfigurationIsVisible = 0;
			defaultConfigurationName = Release;
		};
		FEA27416217C45F90072530A /* Build configuration list for PBXNativeTarget "swiftness-osx" */ = {
			isa = XCConfigurationList;
			buildConfigurations = (
				FEA27417217C45F90072530A /* Debug */,
				FEA27418217C45F90072530A /* Release */,
			);
			defaultConfigurationIsVisible = 0;
			defaultConfigurationName = Release;
		};
		FEBA1F4B21820D620044DC8B /* Build configuration list for PBXNativeTarget "swiftness-ios" */ = {
			isa = XCConfigurationList;
			buildConfigurations = (
				FEBA1F4C21820D620044DC8B /* Debug */,
				FEBA1F4D21820D620044DC8B /* Release */,
			);
			defaultConfigurationIsVisible = 0;
			defaultConfigurationName = Release;
		};
		FEE4CA7D2260730900434BF8 /* Build configuration list for PBXNativeTarget "swiftness-unix" */ = {
			isa = XCConfigurationList;
			buildConfigurations = (
				FEE4CA7E2260730900434BF8 /* Debug */,
				FEE4CA7F2260730900434BF8 /* Release */,
			);
			defaultConfigurationIsVisible = 0;
			defaultConfigurationName = Release;
		};
/* End XCConfigurationList section */
	};
	rootObject = FEA27400217C45F70072530A /* Project object */;
}
