// !$*UTF8*$!
{
	archiveVersion = 1;
	classes = {
	};
	objectVersion = 50;
	objects = {

/* Begin PBXBuildFile section */
		FEA2740C217C45F70072530A /* AppDelegate.swift in Sources */ = {isa = PBXBuildFile; fileRef = FEA2740B217C45F70072530A /* AppDelegate.swift */; };
		FEA2740E217C45F90072530A /* Assets.xcassets in Resources */ = {isa = PBXBuildFile; fileRef = FEA2740D217C45F90072530A /* Assets.xcassets */; };
		FEA27411217C45F90072530A /* MainMenu.xib in Resources */ = {isa = PBXBuildFile; fileRef = FEA2740F217C45F90072530A /* MainMenu.xib */; };
		FEA2741B217C47B50072530A /* cpu.swift in Sources */ = {isa = PBXBuildFile; fileRef = FEA2741A217C47B50072530A /* cpu.swift */; };
		FEA2741D217C546E0072530A /* integer.swift in Sources */ = {isa = PBXBuildFile; fileRef = FEA2741C217C546E0072530A /* integer.swift */; };
		FEA2741F217C8F990072530A /* memory.swift in Sources */ = {isa = PBXBuildFile; fileRef = FEA2741E217C8F990072530A /* memory.swift */; };
		FEA27421217C91710072530A /* ppu.swift in Sources */ = {isa = PBXBuildFile; fileRef = FEA27420217C91710072530A /* ppu.swift */; };
/* End PBXBuildFile section */

/* Begin PBXFileReference section */
		FEA27408217C45F70072530A /* swift-nes.app */ = {isa = PBXFileReference; explicitFileType = wrapper.application; includeInIndex = 0; path = "swift-nes.app"; sourceTree = BUILT_PRODUCTS_DIR; };
		FEA2740B217C45F70072530A /* AppDelegate.swift */ = {isa = PBXFileReference; lastKnownFileType = sourcecode.swift; path = AppDelegate.swift; sourceTree = "<group>"; };
		FEA2740D217C45F90072530A /* Assets.xcassets */ = {isa = PBXFileReference; lastKnownFileType = folder.assetcatalog; path = Assets.xcassets; sourceTree = "<group>"; };
		FEA27410217C45F90072530A /* Base */ = {isa = PBXFileReference; lastKnownFileType = file.xib; name = Base; path = Base.lproj/MainMenu.xib; sourceTree = "<group>"; };
		FEA27412217C45F90072530A /* Info.plist */ = {isa = PBXFileReference; lastKnownFileType = text.plist.xml; path = Info.plist; sourceTree = "<group>"; };
		FEA27413217C45F90072530A /* swift_nes.entitlements */ = {isa = PBXFileReference; lastKnownFileType = text.plist.entitlements; path = swift_nes.entitlements; sourceTree = "<group>"; };
		FEA2741A217C47B50072530A /* cpu.swift */ = {isa = PBXFileReference; lastKnownFileType = sourcecode.swift; path = cpu.swift; sourceTree = "<group>"; };
		FEA2741C217C546E0072530A /* integer.swift */ = {isa = PBXFileReference; lastKnownFileType = sourcecode.swift; path = integer.swift; sourceTree = "<group>"; };
		FEA2741E217C8F990072530A /* memory.swift */ = {isa = PBXFileReference; lastKnownFileType = sourcecode.swift; path = memory.swift; sourceTree = "<group>"; };
		FEA27420217C91710072530A /* ppu.swift */ = {isa = PBXFileReference; lastKnownFileType = sourcecode.swift; path = ppu.swift; sourceTree = "<group>"; };
		FEA27424217C954F0072530A /* specs.md */ = {isa = PBXFileReference; lastKnownFileType = net.daringfireball.markdown; path = specs.md; sourceTree = "<group>"; };
/* End PBXFileReference section */

/* Begin PBXFrameworksBuildPhase section */
		FEA27405217C45F70072530A /* Frameworks */ = {
			isa = PBXFrameworksBuildPhase;
			buildActionMask = 2147483647;
			files = (
			);
			runOnlyForDeploymentPostprocessing = 0;
		};
/* End PBXFrameworksBuildPhase section */

/* Begin PBXGroup section */
		FEA273FF217C45F70072530A = {
			isa = PBXGroup;
			children = (
				FEA27419217C46530072530A /* hardware */,
				FEA2740A217C45F70072530A /* swift-nes */,
				FEA27409217C45F70072530A /* Products */,
			);
			sourceTree = "<group>";
		};
		FEA27409217C45F70072530A /* Products */ = {
			isa = PBXGroup;
			children = (
				FEA27408217C45F70072530A /* swift-nes.app */,
			);
			name = Products;
			sourceTree = "<group>";
		};
		FEA2740A217C45F70072530A /* swift-nes */ = {
			isa = PBXGroup;
			children = (
				FEA2740B217C45F70072530A /* AppDelegate.swift */,
				FEA2741C217C546E0072530A /* integer.swift */,
				FEA2740D217C45F90072530A /* Assets.xcassets */,
				FEA2740F217C45F90072530A /* MainMenu.xib */,
				FEA27412217C45F90072530A /* Info.plist */,
				FEA27413217C45F90072530A /* swift_nes.entitlements */,
			);
			path = "swift-nes";
			sourceTree = "<group>";
		};
		FEA27419217C46530072530A /* hardware */ = {
			isa = PBXGroup;
			children = (
				FEA27424217C954F0072530A /* specs.md */,
				FEA2741A217C47B50072530A /* cpu.swift */,
				FEA2741E217C8F990072530A /* memory.swift */,
				FEA27420217C91710072530A /* ppu.swift */,
			);
			path = hardware;
			sourceTree = "<group>";
		};
/* End PBXGroup section */

/* Begin PBXNativeTarget section */
		FEA27407217C45F70072530A /* swift-nes */ = {
			isa = PBXNativeTarget;
			buildConfigurationList = FEA27416217C45F90072530A /* Build configuration list for PBXNativeTarget "swift-nes" */;
			buildPhases = (
				FEA27404217C45F70072530A /* Sources */,
				FEA27405217C45F70072530A /* Frameworks */,
				FEA27406217C45F70072530A /* Resources */,
			);
			buildRules = (
			);
			dependencies = (
			);
			name = "swift-nes";
			productName = "swift-nes";
			productReference = FEA27408217C45F70072530A /* swift-nes.app */;
			productType = "com.apple.product-type.application";
		};
/* End PBXNativeTarget section */

/* Begin PBXProject section */
		FEA27400217C45F70072530A /* Project object */ = {
			isa = PBXProject;
			attributes = {
				LastSwiftUpdateCheck = 1000;
				LastUpgradeCheck = 1000;
				ORGANIZATIONNAME = Frigstudio;
				TargetAttributes = {
					FEA27407217C45F70072530A = {
						CreatedOnToolsVersion = 10.0;
					};
				};
			};
			buildConfigurationList = FEA27403217C45F70072530A /* Build configuration list for PBXProject "swift-nes" */;
			compatibilityVersion = "Xcode 9.3";
			developmentRegion = en;
			hasScannedForEncodings = 0;
			knownRegions = (
				en,
				Base,
			);
			mainGroup = FEA273FF217C45F70072530A;
			productRefGroup = FEA27409217C45F70072530A /* Products */;
			projectDirPath = "";
			projectRoot = "";
			targets = (
				FEA27407217C45F70072530A /* swift-nes */,
			);
		};
/* End PBXProject section */

/* Begin PBXResourcesBuildPhase section */
		FEA27406217C45F70072530A /* Resources */ = {
			isa = PBXResourcesBuildPhase;
			buildActionMask = 2147483647;
			files = (
				FEA2740E217C45F90072530A /* Assets.xcassets in Resources */,
				FEA27411217C45F90072530A /* MainMenu.xib in Resources */,
			);
			runOnlyForDeploymentPostprocessing = 0;
		};
/* End PBXResourcesBuildPhase section */

/* Begin PBXSourcesBuildPhase section */
		FEA27404217C45F70072530A /* Sources */ = {
			isa = PBXSourcesBuildPhase;
			buildActionMask = 2147483647;
			files = (
				FEA2741F217C8F990072530A /* memory.swift in Sources */,
				FEA2741B217C47B50072530A /* cpu.swift in Sources */,
				FEA2741D217C546E0072530A /* integer.swift in Sources */,
				FEA27421217C91710072530A /* ppu.swift in Sources */,
				FEA2740C217C45F70072530A /* AppDelegate.swift in Sources */,
			);
			runOnlyForDeploymentPostprocessing = 0;
		};
/* End PBXSourcesBuildPhase section */

/* Begin PBXVariantGroup section */
		FEA2740F217C45F90072530A /* MainMenu.xib */ = {
			isa = PBXVariantGroup;
			children = (
				FEA27410217C45F90072530A /* Base */,
			);
			name = MainMenu.xib;
			sourceTree = "<group>";
		};
/* End PBXVariantGroup section */

/* Begin XCBuildConfiguration section */
		FEA27414217C45F90072530A /* Debug */ = {
			isa = XCBuildConfiguration;
			buildSettings = {
				ALWAYS_SEARCH_USER_PATHS = NO;
				CLANG_ANALYZER_NONNULL = YES;
				CLANG_ANALYZER_NUMBER_OBJECT_CONVERSION = YES_AGGRESSIVE;
				CLANG_CXX_LANGUAGE_STANDARD = "gnu++14";
				CLANG_CXX_LIBRARY = "libc++";
				CLANG_ENABLE_MODULES = YES;
				CLANG_ENABLE_OBJC_ARC = YES;
				CLANG_ENABLE_OBJC_WEAK = YES;
				CLANG_WARN_BLOCK_CAPTURE_AUTORELEASING = YES;
				CLANG_WARN_BOOL_CONVERSION = YES;
				CLANG_WARN_COMMA = YES;
				CLANG_WARN_CONSTANT_CONVERSION = YES;
				CLANG_WARN_DEPRECATED_OBJC_IMPLEMENTATIONS = YES;
				CLANG_WARN_DIRECT_OBJC_ISA_USAGE = YES_ERROR;
				CLANG_WARN_DOCUMENTATION_COMMENTS = YES;
				CLANG_WARN_EMPTY_BODY = YES;
				CLANG_WARN_ENUM_CONVERSION = YES;
				CLANG_WARN_INFINITE_RECURSION = YES;
				CLANG_WARN_INT_CONVERSION = YES;
				CLANG_WARN_NON_LITERAL_NULL_CONVERSION = YES;
				CLANG_WARN_OBJC_IMPLICIT_RETAIN_SELF = YES;
				CLANG_WARN_OBJC_LITERAL_CONVERSION = YES;
				CLANG_WARN_OBJC_ROOT_CLASS = YES_ERROR;
				CLANG_WARN_RANGE_LOOP_ANALYSIS = YES;
				CLANG_WARN_STRICT_PROTOTYPES = YES;
				CLANG_WARN_SUSPICIOUS_MOVE = YES;
				CLANG_WARN_UNGUARDED_AVAILABILITY = YES_AGGRESSIVE;
				CLANG_WARN_UNREACHABLE_CODE = YES;
				CLANG_WARN__DUPLICATE_METHOD_MATCH = YES;
				CODE_SIGN_IDENTITY = "Mac Developer";
				COPY_PHASE_STRIP = NO;
				DEBUG_INFORMATION_FORMAT = dwarf;
				ENABLE_STRICT_OBJC_MSGSEND = YES;
				ENABLE_TESTABILITY = YES;
				GCC_C_LANGUAGE_STANDARD = gnu11;
				GCC_DYNAMIC_NO_PIC = NO;
				GCC_NO_COMMON_BLOCKS = YES;
				GCC_OPTIMIZATION_LEVEL = 0;
				GCC_PREPROCESSOR_DEFINITIONS = (
					"DEBUG=1",
					"$(inherited)",
				);
				GCC_WARN_64_TO_32_BIT_CONVERSION = YES;
				GCC_WARN_ABOUT_RETURN_TYPE = YES_ERROR;
				GCC_WARN_UNDECLARED_SELECTOR = YES;
				GCC_WARN_UNINITIALIZED_AUTOS = YES_AGGRESSIVE;
				GCC_WARN_UNUSED_FUNCTION = YES;
				GCC_WARN_UNUSED_VARIABLE = YES;
				MACOSX_DEPLOYMENT_TARGET = 10.14;
				MTL_ENABLE_DEBUG_INFO = INCLUDE_SOURCE;
				MTL_FAST_MATH = YES;
				ONLY_ACTIVE_ARCH = YES;
				SDKROOT = macosx;
				SWIFT_ACTIVE_COMPILATION_CONDITIONS = DEBUG;
				SWIFT_OPTIMIZATION_LEVEL = "-Onone";
			};
			name = Debug;
		};
		FEA27415217C45F90072530A /* Release */ = {
			isa = XCBuildConfiguration;
			buildSettings = {
				ALWAYS_SEARCH_USER_PATHS = NO;
				CLANG_ANALYZER_NONNULL = YES;
				CLANG_ANALYZER_NUMBER_OBJECT_CONVERSION = YES_AGGRESSIVE;
				CLANG_CXX_LANGUAGE_STANDARD = "gnu++14";
				CLANG_CXX_LIBRARY = "libc++";
				CLANG_ENABLE_MODULES = YES;
				CLANG_ENABLE_OBJC_ARC = YES;
				CLANG_ENABLE_OBJC_WEAK = YES;
				CLANG_WARN_BLOCK_CAPTURE_AUTORELEASING = YES;
				CLANG_WARN_BOOL_CONVERSION = YES;
				CLANG_WARN_COMMA = YES;
				CLANG_WARN_CONSTANT_CONVERSION = YES;
				CLANG_WARN_DEPRECATED_OBJC_IMPLEMENTATIONS = YES;
				CLANG_WARN_DIRECT_OBJC_ISA_USAGE = YES_ERROR;
				CLANG_WARN_DOCUMENTATION_COMMENTS = YES;
				CLANG_WARN_EMPTY_BODY = YES;
				CLANG_WARN_ENUM_CONVERSION = YES;
				CLANG_WARN_INFINITE_RECURSION = YES;
				CLANG_WARN_INT_CONVERSION = YES;
				CLANG_WARN_NON_LITERAL_NULL_CONVERSION = YES;
				CLANG_WARN_OBJC_IMPLICIT_RETAIN_SELF = YES;
				CLANG_WARN_OBJC_LITERAL_CONVERSION = YES;
				CLANG_WARN_OBJC_ROOT_CLASS = YES_ERROR;
				CLANG_WARN_RANGE_LOOP_ANALYSIS = YES;
				CLANG_WARN_STRICT_PROTOTYPES = YES;
				CLANG_WARN_SUSPICIOUS_MOVE = YES;
				CLANG_WARN_UNGUARDED_AVAILABILITY = YES_AGGRESSIVE;
				CLANG_WARN_UNREACHABLE_CODE = YES;
				CLANG_WARN__DUPLICATE_METHOD_MATCH = YES;
				CODE_SIGN_IDENTITY = "Mac Developer";
				COPY_PHASE_STRIP = NO;
				DEBUG_INFORMATION_FORMAT = "dwarf-with-dsym";
				ENABLE_NS_ASSERTIONS = NO;
				ENABLE_STRICT_OBJC_MSGSEND = YES;
				GCC_C_LANGUAGE_STANDARD = gnu11;
				GCC_NO_COMMON_BLOCKS = YES;
				GCC_WARN_64_TO_32_BIT_CONVERSION = YES;
				GCC_WARN_ABOUT_RETURN_TYPE = YES_ERROR;
				GCC_WARN_UNDECLARED_SELECTOR = YES;
				GCC_WARN_UNINITIALIZED_AUTOS = YES_AGGRESSIVE;
				GCC_WARN_UNUSED_FUNCTION = YES;
				GCC_WARN_UNUSED_VARIABLE = YES;
				MACOSX_DEPLOYMENT_TARGET = 10.14;
				MTL_ENABLE_DEBUG_INFO = NO;
				MTL_FAST_MATH = YES;
				SDKROOT = macosx;
				SWIFT_COMPILATION_MODE = wholemodule;
				SWIFT_OPTIMIZATION_LEVEL = "-O";
			};
			name = Release;
		};
		FEA27417217C45F90072530A /* Debug */ = {
			isa = XCBuildConfiguration;
			buildSettings = {
				ASSETCATALOG_COMPILER_APPICON_NAME = AppIcon;
				CODE_SIGN_ENTITLEMENTS = "swift-nes/swift_nes.entitlements";
				CODE_SIGN_STYLE = Automatic;
				COMBINE_HIDPI_IMAGES = YES;
				DEVELOPMENT_TEAM = 7LYG6KRX2T;
				INFOPLIST_FILE = "swift-nes/Info.plist";
				LD_RUNPATH_SEARCH_PATHS = (
					"$(inherited)",
					"@executable_path/../Frameworks",
				);
				PRODUCT_BUNDLE_IDENTIFIER = "com.frigstudio.swift-nes";
				PRODUCT_NAME = "$(TARGET_NAME)";
				SWIFT_VERSION = 4.2;
			};
			name = Debug;
		};
		FEA27418217C45F90072530A /* Release */ = {
			isa = XCBuildConfiguration;
			buildSettings = {
				ASSETCATALOG_COMPILER_APPICON_NAME = AppIcon;
				CODE_SIGN_ENTITLEMENTS = "swift-nes/swift_nes.entitlements";
				CODE_SIGN_STYLE = Automatic;
				COMBINE_HIDPI_IMAGES = YES;
				DEVELOPMENT_TEAM = 7LYG6KRX2T;
				INFOPLIST_FILE = "swift-nes/Info.plist";
				LD_RUNPATH_SEARCH_PATHS = (
					"$(inherited)",
					"@executable_path/../Frameworks",
				);
				PRODUCT_BUNDLE_IDENTIFIER = "com.frigstudio.swift-nes";
				PRODUCT_NAME = "$(TARGET_NAME)";
				SWIFT_VERSION = 4.2;
			};
			name = Release;
		};
/* End XCBuildConfiguration section */

/* Begin XCConfigurationList section */
		FEA27403217C45F70072530A /* Build configuration list for PBXProject "swift-nes" */ = {
			isa = XCConfigurationList;
			buildConfigurations = (
				FEA27414217C45F90072530A /* Debug */,
				FEA27415217C45F90072530A /* Release */,
			);
			defaultConfigurationIsVisible = 0;
			defaultConfigurationName = Release;
		};
		FEA27416217C45F90072530A /* Build configuration list for PBXNativeTarget "swift-nes" */ = {
			isa = XCConfigurationList;
			buildConfigurations = (
				FEA27417217C45F90072530A /* Debug */,
				FEA27418217C45F90072530A /* Release */,
			);
			defaultConfigurationIsVisible = 0;
			defaultConfigurationName = Release;
		};
/* End XCConfigurationList section */
	};
	rootObject = FEA27400217C45F70072530A /* Project object */;
}
